
Microsoft Visual Studio Solution File, Format Version 12.00
# Visual Studio Version 17
VisualStudioVersion = 17.4.33110.190
MinimumVisualStudioVersion = 10.0.40219.1
Project("{FAE04EC0-301F-11D3-BF4B-00C04F79EFBC}") = "Wordle", "Wordle.csproj", "{CC93D31A-B644-4579-8C8C-76C03CCBB69C}"
EndProject
Global
	GlobalSection(SolutionConfigurationPlatforms) = preSolution
		Debug|Any CPU = Debug|Any CPU
		Release|Any CPU = Release|Any CPU
	EndGlobalSection
	GlobalSection(ProjectConfigurationPlatforms) = postSolution
		{CC93D31A-B644-4579-8C8C-76C03CCBB69C}.Debug|Any CPU.ActiveCfg = Debug|Any CPU
		{CC93D31A-B644-4579-8C8C-76C03CCBB69C}.Debug|Any CPU.Build.0 = Debug|Any CPU
		{CC93D31A-B644-4579-8C8C-76C03CCBB69C}.Release|Any CPU.ActiveCfg = Release|Any CPU
		{CC93D31A-B644-4579-8C8C-76C03CCBB69C}.Release|Any CPU.Build.0 = Release|Any CPU
	EndGlobalSection
	GlobalSection(SolutionProperties) = preSolution
		HideSolutionNode = FALSE
	EndGlobalSection
	GlobalSection(ExtensibilityGlobals) = postSolution
		SolutionGuid = {F7C62A9E-EABA-4A1C-9344-C861F0668950}
	EndGlobalSection
EndGlobal
